
Microsoft Visual Studio Solution File, Format Version 12.00
# Visual Studio 15
VisualStudioVersion = 15.0.28307.329
MinimumVisualStudioVersion = 10.0.40219.1
Project("{FAE04EC0-301F-11D3-BF4B-00C04F79EFBC}") = "VideoRental", "VideoRental\VideoRental.csproj", "{8859BDFA-EECF-4A3A-B3FC-767C7B579211}"
EndProject
Global
	GlobalSection(SolutionConfigurationPlatforms) = preSolution
		Debug|Any CPU = Debug|Any CPU
		Release|Any CPU = Release|Any CPU
	EndGlobalSection
	GlobalSection(ProjectConfigurationPlatforms) = postSolution
		{8859BDFA-EECF-4A3A-B3FC-767C7B579211}.Debug|Any CPU.ActiveCfg = Debug|Any CPU
		{8859BDFA-EECF-4A3A-B3FC-767C7B579211}.Debug|Any CPU.Build.0 = Debug|Any CPU
		{8859BDFA-EECF-4A3A-B3FC-767C7B579211}.Release|Any CPU.ActiveCfg = Release|Any CPU
		{8859BDFA-EECF-4A3A-B3FC-767C7B579211}.Release|Any CPU.Build.0 = Release|Any CPU
	EndGlobalSection
	GlobalSection(SolutionProperties) = preSolution
		HideSolutionNode = FALSE
	EndGlobalSection
	GlobalSection(ExtensibilityGlobals) = postSolution
		SolutionGuid = {8EEF6B9E-A10E-4DD7-99F7-272D92E2AD69}
	EndGlobalSection
EndGlobal
